
Microsoft Visual Studio Solution File, Format Version 12.00
# Visual Studio Version 16
VisualStudioVersion = 16.0.30413.136
MinimumVisualStudioVersion = 10.0.40219.1
Project("{FAE04EC0-301F-11D3-BF4B-00C04F79EFBC}") = "WheelCheck2SII", "WheelCheck2SII\WheelCheck2SII.csproj", "{9BFA0E2F-D281-4D33-9DA4-48C7B865D231}"
EndProject
Global
	GlobalSection(SolutionConfigurationPlatforms) = preSolution
		Debug|Any CPU = Debug|Any CPU
		Release|Any CPU = Release|Any CPU
	EndGlobalSection
	GlobalSection(ProjectConfigurationPlatforms) = postSolution
		{9BFA0E2F-D281-4D33-9DA4-48C7B865D231}.Debug|Any CPU.ActiveCfg = Debug|Any CPU
		{9BFA0E2F-D281-4D33-9DA4-48C7B865D231}.Debug|Any CPU.Build.0 = Debug|Any CPU
		{9BFA0E2F-D281-4D33-9DA4-48C7B865D231}.Release|Any CPU.ActiveCfg = Release|Any CPU
		{9BFA0E2F-D281-4D33-9DA4-48C7B865D231}.Release|Any CPU.Build.0 = Release|Any CPU
	EndGlobalSection
	GlobalSection(SolutionProperties) = preSolution
		HideSolutionNode = FALSE
	EndGlobalSection
	GlobalSection(ExtensibilityGlobals) = postSolution
		SolutionGuid = {4C194141-FCFA-4D2F-962E-B1DEE9A93205}
	EndGlobalSection
EndGlobal
